
Microsoft Visual Studio Solution File, Format Version 12.00
# Visual Studio Version 17
VisualStudioVersion = 17.6.33815.320
MinimumVisualStudioVersion = 10.0.40219.1
Project("{9A19103F-16F7-4668-BE54-9A1E7A4F7556}") = "CSI.Assignment.API", "CSI Assignment\CSI.Assignment.API.csproj", "{C438FFC7-6427-4D1F-ACE4-92A1DBEB4884}"
EndProject
Project("{9A19103F-16F7-4668-BE54-9A1E7A4F7556}") = "CSI.Assignment.Services", "CSI.Assignment.Services\CSI.Assignment.Services.csproj", "{C339CDEA-FA3E-46ED-B714-2C092B0C77A9}"
EndProject
Project("{9A19103F-16F7-4668-BE54-9A1E7A4F7556}") = "CSI.Assignment.Repositories", "CSI.Assignment.Repositories\CSI.Assignment.Repositories.csproj", "{ACF0105D-DB9F-4772-AF55-554D3CCBFBB4}"
EndProject
Project("{9A19103F-16F7-4668-BE54-9A1E7A4F7556}") = "CSI.Assignment.Entity", "CSI.Assignment.Entity\CSI.Assignment.Entity.csproj", "{D2FC4A8A-57FF-4F0E-B49F-910A4E9D421C}"
EndProject
Project("{9A19103F-16F7-4668-BE54-9A1E7A4F7556}") = "CSI.Assignment.DTO", "CSI.Assignment.DTO\CSI.Assignment.DTO.csproj", "{81EECEA9-5A23-419A-BC92-F6BD9BCABDEA}"
EndProject
Global
	GlobalSection(SolutionConfigurationPlatforms) = preSolution
		Debug|Any CPU = Debug|Any CPU
		Release|Any CPU = Release|Any CPU
	EndGlobalSection
	GlobalSection(ProjectConfigurationPlatforms) = postSolution
		{C438FFC7-6427-4D1F-ACE4-92A1DBEB4884}.Debug|Any CPU.ActiveCfg = Debug|Any CPU
		{C438FFC7-6427-4D1F-ACE4-92A1DBEB4884}.Debug|Any CPU.Build.0 = Debug|Any CPU
		{C438FFC7-6427-4D1F-ACE4-92A1DBEB4884}.Release|Any CPU.ActiveCfg = Release|Any CPU
		{C438FFC7-6427-4D1F-ACE4-92A1DBEB4884}.Release|Any CPU.Build.0 = Release|Any CPU
		{C339CDEA-FA3E-46ED-B714-2C092B0C77A9}.Debug|Any CPU.ActiveCfg = Debug|Any CPU
		{C339CDEA-FA3E-46ED-B714-2C092B0C77A9}.Debug|Any CPU.Build.0 = Debug|Any CPU
		{C339CDEA-FA3E-46ED-B714-2C092B0C77A9}.Release|Any CPU.ActiveCfg = Release|Any CPU
		{C339CDEA-FA3E-46ED-B714-2C092B0C77A9}.Release|Any CPU.Build.0 = Release|Any CPU
		{ACF0105D-DB9F-4772-AF55-554D3CCBFBB4}.Debug|Any CPU.ActiveCfg = Debug|Any CPU
		{ACF0105D-DB9F-4772-AF55-554D3CCBFBB4}.Debug|Any CPU.Build.0 = Debug|Any CPU
		{ACF0105D-DB9F-4772-AF55-554D3CCBFBB4}.Release|Any CPU.ActiveCfg = Release|Any CPU
		{ACF0105D-DB9F-4772-AF55-554D3CCBFBB4}.Release|Any CPU.Build.0 = Release|Any CPU
		{D2FC4A8A-57FF-4F0E-B49F-910A4E9D421C}.Debug|Any CPU.ActiveCfg = Debug|Any CPU
		{D2FC4A8A-57FF-4F0E-B49F-910A4E9D421C}.Debug|Any CPU.Build.0 = Debug|Any CPU
		{D2FC4A8A-57FF-4F0E-B49F-910A4E9D421C}.Release|Any CPU.ActiveCfg = Release|Any CPU
		{D2FC4A8A-57FF-4F0E-B49F-910A4E9D421C}.Release|Any CPU.Build.0 = Release|Any CPU
		{81EECEA9-5A23-419A-BC92-F6BD9BCABDEA}.Debug|Any CPU.ActiveCfg = Debug|Any CPU
		{81EECEA9-5A23-419A-BC92-F6BD9BCABDEA}.Debug|Any CPU.Build.0 = Debug|Any CPU
		{81EECEA9-5A23-419A-BC92-F6BD9BCABDEA}.Release|Any CPU.ActiveCfg = Release|Any CPU
		{81EECEA9-5A23-419A-BC92-F6BD9BCABDEA}.Release|Any CPU.Build.0 = Release|Any CPU
	EndGlobalSection
	GlobalSection(SolutionProperties) = preSolution
		HideSolutionNode = FALSE
	EndGlobalSection
	GlobalSection(ExtensibilityGlobals) = postSolution
		SolutionGuid = {94EFF73E-1D17-4BB2-8A1D-DA7AF81828A2}
	EndGlobalSection
EndGlobal
